<?xml version="1.0" encoding="utf-8"?>
<Project ToolsVersion="4.0" xmlns="http://schemas.microsoft.com/developer/msbuild/2003">
  <ItemGroup>
    <Filter Include="Resource Files">
      <UniqueIdentifier>{67DA6AB6-F800-4c08-8B7A-83BB121AAD01}</UniqueIdentifier>
      <Extensions>rc;ico;cur;bmp;dlg;rc2;rct;bin;rgs;gif;jpg;jpeg;jpe;resx;tiff;tif;png;wav;mfcribbon-ms</Extensions>
    </Filter>
  </ItemGroup>
  <ItemGroup>
    <ClCompile Include="Block.cpp" />
    <ClCompile Include="IComponent.cpp" />
    <ClCompile Include="..\pcb\main.cpp" />
    <ClCompile Include="Manager.cpp" />
    <ClCompile Include="NormalBlock.cpp" />
    <ClCompile Include="VisionToolNodeFactory.cpp" />
    <ClCompile Include="NormalBlockFactory.cpp" />
  </ItemGroup>
  <ItemGroup>
    <ClInclude Include="CommonStruct.h" />
    <ClInclude Include="Defs.h" />
    <ClInclude Include="IBlock.h" />
    <ClInclude Include="IComponent.h" />
    <ClInclude Include="IVisionTool.h" />
    <ClInclude Include="json.hpp" />
    <ClInclude Include="Manager.h" />
    <ClInclude Include="NormalBlock.h" />
    <ClInclude Include="VisionToolNodeFactory.h" />
    <ClInclude Include="NormalBlockFactory.h" />
  </ItemGroup>
</Project>