<?xml version="1.0" encoding="utf-8"?>
<Project ToolsVersion="4.0" xmlns="http://schemas.microsoft.com/developer/msbuild/2003">
  <ItemGroup>
    <Filter Include="VisionTool">
      <UniqueIdentifier>{b0bd83ea-dde1-4a3b-aaa3-d6f3faff2a30}</UniqueIdentifier>
    </Filter>
    <Filter Include="VisionTool\Common">
      <UniqueIdentifier>{ff44e95d-197d-425e-ab1b-8f118405351f}</UniqueIdentifier>
    </Filter>
    <Filter Include="Block">
      <UniqueIdentifier>{96ddfa62-fd7e-4260-95a0-99eb9678714d}</UniqueIdentifier>
    </Filter>
    <Filter Include="Block\Common">
      <UniqueIdentifier>{730ac0d0-6a10-456d-bf90-3616ec50bfb8}</UniqueIdentifier>
    </Filter>
    <Filter Include="Lib">
      <UniqueIdentifier>{c95a7d56-9931-46b8-a9bf-aada0778283f}</UniqueIdentifier>
    </Filter>
  </ItemGroup>
  <ItemGroup>
    <ClCompile Include="Manager.cpp" />
    <ClCompile Include="VisionToolNodeFactory.cpp">
      <Filter>VisionTool\Common</Filter>
    </ClCompile>
    <ClCompile Include="NormalBlockFactory.cpp">
      <Filter>Block\Common</Filter>
    </ClCompile>
    <ClCompile Include="NormalBlock.cpp">
      <Filter>Block</Filter>
    </ClCompile>
    <ClCompile Include="IComponent.cpp">
      <Filter>Lib</Filter>
    </ClCompile>
    <ClCompile Include="main.cpp" />
    <ClCompile Include="VisionToolMock2.hpp">
      <Filter>VisionTool</Filter>
    </ClCompile>
  </ItemGroup>
  <ItemGroup>
    <ClInclude Include="Defs.h" />
    <ClInclude Include="Manager.h" />
    <ClInclude Include="VisionToolMock.hpp">
      <Filter>VisionTool</Filter>
    </ClInclude>
    <ClInclude Include="IVisionTool.h">
      <Filter>VisionTool\Common</Filter>
    </ClInclude>
    <ClInclude Include="VisionToolNodeFactory.h">
      <Filter>VisionTool\Common</Filter>
    </ClInclude>
    <ClInclude Include="IBlock.h">
      <Filter>Block\Common</Filter>
    </ClInclude>
    <ClInclude Include="NormalBlockFactory.h">
      <Filter>Block\Common</Filter>
    </ClInclude>
    <ClInclude Include="NormalBlock.h">
      <Filter>Block</Filter>
    </ClInclude>
    <ClInclude Include="json.hpp">
      <Filter>Lib</Filter>
    </ClInclude>
    <ClInclude Include="IComponent.h">
      <Filter>Lib</Filter>
    </ClInclude>
    <ClInclude Include="NodeIDCreator.hpp" />
  </ItemGroup>
</Project>